lockfileVersion: '9.0'

settings:
  autoInstallPeers: true
  excludeLinksFromLockfile: false

importers:

  .:
    dependencies:
      '@axe-core/playwright':
        specifier: 4.10.1
        version: 4.10.1(playwright-core@1.52.0)
      commander:
        specifier: 13.1.0
        version: 13.1.0
      open:
        specifier: 10.2.0
        version: 10.2.0
      playwright:
        specifier: 1.52.0
        version: 1.52.0
      undici:
        specifier: 7.8.0
        version: 7.8.0
      zod:
        specifier: 3.25.73
        version: 3.25.73
    devDependencies:
      '@types/node':
        specifier: 22.15.16
        version: 22.15.16
      typescript:
        specifier: 5.8.3
        version: 5.8.3

packages:

  '@axe-core/playwright@4.10.1':
    resolution: {integrity: sha512-EV5t39VV68kuAfMKqb/RL+YjYKhfuGim9rgIaQ6Vntb2HgaCaau0h98Y3WEUqW1+PbdzxDtDNjFAipbtZuBmEA==}
    peerDependencies:
      playwright-core: '>= 1.0.0'

  '@types/node@22.15.16':
    resolution: {integrity: sha512-3pr+KjwpVujqWqOKT8mNR+rd09FqhBLwg+5L/4t0cNYBzm/yEiYGCxWttjaPBsLtAo+WFNoXzGJfolM1JuRXoA==}

  axe-core@4.10.3:
    resolution: {integrity: sha512-Xm7bpRXnDSX2YE2YFfBk2FnF0ep6tmG7xPh8iHee8MIcrgq762Nkce856dYtJYLkuIoYZvGfTs/PbZhideTcEg==}
    engines: {node: '>=4'}

  bundle-name@4.1.0:
    resolution: {integrity: sha512-tjwM5exMg6BGRI+kNmTntNsvdZS1X8BFYS6tnJ2hdH0kVxM6/eVZ2xy+FqStSWvYmtfFMDLIxurorHwDKfDz5Q==}
    engines: {node: '>=18'}

  commander@13.1.0:
    resolution: {integrity: sha512-/rFeCpNJQbhSZjGVwO9RFV3xPqbnERS8MmIQzCtD/zl6gpJuV/bMLuN92oG3F7d8oDEHHRrujSXNUr8fpjntKw==}
    engines: {node: '>=18'}

  default-browser-id@5.0.1:
    resolution: {integrity: sha512-x1VCxdX4t+8wVfd1so/9w+vQ4vx7lKd2Qp5tDRutErwmR85OgmfX7RlLRMWafRMY7hbEiXIbudNrjOAPa/hL8Q==}
    engines: {node: '>=18'}

  default-browser@5.5.0:
    resolution: {integrity: sha512-H9LMLr5zwIbSxrmvikGuI/5KGhZ8E2zH3stkMgM5LpOWDutGM2JZaj460Udnf1a+946zc7YBgrqEWwbk7zHvGw==}
    engines: {node: '>=18'}

  define-lazy-prop@3.0.0:
    resolution: {integrity: sha512-N+MeXYoqr3pOgn8xfyRPREN7gHakLYjhsHhWGT3fWAiL4IkAt0iDw14QiiEm2bE30c5XX5q0FtAA3CK5f9/BUg==}
    engines: {node: '>=12'}

  fsevents@2.3.2:
    resolution: {integrity: sha512-xiqMQR4xAeHTuB9uWm+fFRcIOgKBMiOBP+eXiyT7jsgVCq1bkVygt00oASowB7EdtpOHaaPgKt812P9ab+DDKA==}
    engines: {node: ^8.16.0 || ^10.6.0 || >=11.0.0}
    os: [darwin]

  is-docker@3.0.0:
    resolution: {integrity: sha512-eljcgEDlEns/7AXFosB5K/2nCM4P7FQPkGc/DWLy5rmFEWvZayGrik1d9/QIY5nJ4f9YsVvBkA6kJpHn9rISdQ==}
    engines: {node: ^12.20.0 || ^14.13.1 || >=16.0.0}
    hasBin: true

  is-inside-container@1.0.0:
    resolution: {integrity: sha512-KIYLCCJghfHZxqjYBE7rEy0OBuTd5xCHS7tHVgvCLkx7StIoaxwNW3hCALgEUjFfeRk+MG/Qxmp/vtETEF3tRA==}
    engines: {node: '>=14.16'}
    hasBin: true

  is-wsl@3.1.1:
    resolution: {integrity: sha512-e6rvdUCiQCAuumZslxRJWR/Doq4VpPR82kqclvcS0efgt430SlGIk05vdCN58+VrzgtIcfNODjozVielycD4Sw==}
    engines: {node: '>=16'}

  open@10.2.0:
    resolution: {integrity: sha512-YgBpdJHPyQ2UE5x+hlSXcnejzAvD0b22U2OuAP+8OnlJT+PjWPxtgmGqKKc+RgTM63U9gN0YzrYc71R2WT/hTA==}
    engines: {node: '>=18'}

  playwright-core@1.52.0:
    resolution: {integrity: sha512-l2osTgLXSMeuLZOML9qYODUQoPPnUsKsb5/P6LJ2e6uPKXUdPK5WYhN4z03G+YNbWmGDY4YENauNu4ZKczreHg==}
    engines: {node: '>=18'}
    hasBin: true

  playwright@1.52.0:
    resolution: {integrity: sha512-JAwMNMBlxJ2oD1kce4KPtMkDeKGHQstdpFPcPH3maElAXon/QZeTvtsfXmTMRyO9TslfoYOXkSsvao2nE1ilTw==}
    engines: {node: '>=18'}
    hasBin: true

  run-applescript@7.1.0:
    resolution: {integrity: sha512-DPe5pVFaAsinSaV6QjQ6gdiedWDcRCbUuiQfQa2wmWV7+xC9bGulGI8+TdRmoFkAPaBXk8CrAbnlY2ISniJ47Q==}
    engines: {node: '>=18'}

  typescript@5.8.3:
    resolution: {integrity: sha512-p1diW6TqL9L07nNxvRMM7hMMw4c5XOo/1ibL4aAIGmSAt9slTE1Xgw5KWuof2uTOvCg9BY7ZRi+GaF+7sfgPeQ==}
    engines: {node: '>=14.17'}
    hasBin: true

  undici-types@6.21.0:
    resolution: {integrity: sha512-iwDZqg0QAGrg9Rav5H4n0M64c3mkR59cJ6wQp+7C4nI0gsmExaedaYLNO44eT4AtBBwjbTiGPMlt2Md0T9H9JQ==}

  undici@7.8.0:
    resolution: {integrity: sha512-vFv1GA99b7eKO1HG/4RPu2Is3FBTWBrmzqzO0mz+rLxN3yXkE4mqRcb8g8fHxzX4blEysrNZLqg5RbJLqX5buA==}
    engines: {node: '>=20.18.1'}

  wsl-utils@0.1.0:
    resolution: {integrity: sha512-h3Fbisa2nKGPxCpm89Hk33lBLsnaGBvctQopaBSOW/uIs6FTe1ATyAnKFJrzVs9vpGdsTe73WF3V4lIsk4Gacw==}
    engines: {node: '>=18'}

  zod@3.25.73:
    resolution: {integrity: sha512-fuIKbQAWQl22Ba5d1quwEETQYjqnpKVyZIWAhbnnHgnDd3a+z4YgEfkI5SZ2xMELnLAXo/Flk2uXgysZNf0uaA==}

snapshots:

  '@axe-core/playwright@4.10.1(playwright-core@1.52.0)':
    dependencies:
      axe-core: 4.10.3
      playwright-core: 1.52.0

  '@types/node@22.15.16':
    dependencies:
      undici-types: 6.21.0

  axe-core@4.10.3: {}

  bundle-name@4.1.0:
    dependencies:
      run-applescript: 7.1.0

  commander@13.1.0: {}

  default-browser-id@5.0.1: {}

  default-browser@5.5.0:
    dependencies:
      bundle-name: 4.1.0
      default-browser-id: 5.0.1

  define-lazy-prop@3.0.0: {}

  fsevents@2.3.2:
    optional: true

  is-docker@3.0.0: {}

  is-inside-container@1.0.0:
    dependencies:
      is-docker: 3.0.0

  is-wsl@3.1.1:
    dependencies:
      is-inside-container: 1.0.0

  open@10.2.0:
    dependencies:
      default-browser: 5.5.0
      define-lazy-prop: 3.0.0
      is-inside-container: 1.0.0
      wsl-utils: 0.1.0

  playwright-core@1.52.0: {}

  playwright@1.52.0:
    dependencies:
      playwright-core: 1.52.0
    optionalDependencies:
      fsevents: 2.3.2

  run-applescript@7.1.0: {}

  typescript@5.8.3: {}

  undici-types@6.21.0: {}

  undici@7.8.0: {}

  wsl-utils@0.1.0:
    dependencies:
      is-wsl: 3.1.1

  zod@3.25.73: {}
